// !$*UTF8*$!
{
	archiveVersion = 1;
	classes = {
	};
	objectVersion = 56;
	objects = {

/* Begin PBXBuildFile section */
		4B58CE702C2FEDBA00BF3969 /* NutritionalPlanApp.swift in Sources */ = {isa = PBXBuildFile; fileRef = 4B58CE6F2C2FEDBA00BF3969 /* NutritionalPlanApp.swift */; };
		4B58CE722C2FEDBA00BF3969 /* ContentView.swift in Sources */ = {isa = PBXBuildFile; fileRef = 4B58CE712C2FEDBA00BF3969 /* ContentView.swift */; };
		4B58CE742C2FEDBA00BF3969 /* Models.swift in Sources */ = {isa = PBXBuildFile; fileRef = 4B58CE732C2FEDBA00BF3969 /* Models.swift */; };
		4B58CE762C2FEDBB00BF3969 /* Assets.xcassets in Resources */ = {isa = PBXBuildFile; fileRef = 4B58CE752C2FEDBB00BF3969 /* Assets.xcassets */; };
		4B58CE7A2C2FEDBB00BF3969 /* Preview Assets.xcassets in Resources */ = {isa = PBXBuildFile; fileRef = 4B58CE792C2FEDBB00BF3969 /* Preview Assets.xcassets */; };
		4B58CE812C2FF1C000BF3969 /* nutritional_plan.json in Resources */ = {isa = PBXBuildFile; fileRef = 4B58CE802C2FF1C000BF3969 /* nutritional_plan.json */; };
		4B58CE832C3022E400BF3969 /* DishView.swift in Sources */ = {isa = PBXBuildFile; fileRef = 4B58CE822C3022E400BF3969 /* DishView.swift */; };
		4B58CE852C3023AB00BF3969 /* Models+Mocks.swift in Sources */ = {isa = PBXBuildFile; fileRef = 4B58CE842C3023AB00BF3969 /* Models+Mocks.swift */; };
		4B58CE892C302B9000BF3969 /* NutritionalPlanService.swift in Sources */ = {isa = PBXBuildFile; fileRef = 4B58CE882C302B9000BF3969 /* NutritionalPlanService.swift */; };
		4B58CE8B2C31501700BF3969 /* Previewer.swift in Sources */ = {isa = PBXBuildFile; fileRef = 4B58CE8A2C31501700BF3969 /* Previewer.swift */; };
		4B58CE8F2C31628500BF3969 /* EditTextField.swift in Sources */ = {isa = PBXBuildFile; fileRef = 4B58CE8E2C31628500BF3969 /* EditTextField.swift */; };
		4B58CE922C31D62200BF3969 /* CategoriesView.swift in Sources */ = {isa = PBXBuildFile; fileRef = 4B58CE912C31D62200BF3969 /* CategoriesView.swift */; };
		4B58CE952C31D84A00BF3969 /* CategoryView.swift in Sources */ = {isa = PBXBuildFile; fileRef = 4B58CE942C31D84A00BF3969 /* CategoryView.swift */; };
		4B58CE972C31DB9600BF3969 /* DishesListView.swift in Sources */ = {isa = PBXBuildFile; fileRef = 4B58CE962C31DB9600BF3969 /* DishesListView.swift */; };
		4B58CE9A2C327D7000BF3969 /* Extensions.swift in Sources */ = {isa = PBXBuildFile; fileRef = 4B58CE992C327D7000BF3969 /* Extensions.swift */; };
		4B58CE9C2C32862600BF3969 /* DailyReportsView.swift in Sources */ = {isa = PBXBuildFile; fileRef = 4B58CE9B2C32862600BF3969 /* DailyReportsView.swift */; };
		4B58CE9E2C32863D00BF3969 /* DailyReportView.swift in Sources */ = {isa = PBXBuildFile; fileRef = 4B58CE9D2C32863D00BF3969 /* DailyReportView.swift */; };
		4B58CEA12C3298EC00BF3969 /* ShareWhatsappMessageService.swift in Sources */ = {isa = PBXBuildFile; fileRef = 4B58CEA02C3298EC00BF3969 /* ShareWhatsappMessageService.swift */; };
		4B58CEA32C32D2C000BF3969 /* BackButton.swift in Sources */ = {isa = PBXBuildFile; fileRef = 4B58CEA22C32D2BF00BF3969 /* BackButton.swift */; };
		4B58CEA82C35425900BF3969 /* DishCellView.swift in Sources */ = {isa = PBXBuildFile; fileRef = 4B58CEA72C35425900BF3969 /* DishCellView.swift */; };
/* End PBXBuildFile section */

/* Begin PBXFileReference section */
		4B58CE6C2C2FEDBA00BF3969 /* NutritionalPlan.app */ = {isa = PBXFileReference; explicitFileType = wrapper.application; includeInIndex = 0; path = NutritionalPlan.app; sourceTree = BUILT_PRODUCTS_DIR; };
		4B58CE6F2C2FEDBA00BF3969 /* NutritionalPlanApp.swift */ = {isa = PBXFileReference; lastKnownFileType = sourcecode.swift; path = NutritionalPlanApp.swift; sourceTree = "<group>"; };
		4B58CE712C2FEDBA00BF3969 /* ContentView.swift */ = {isa = PBXFileReference; lastKnownFileType = sourcecode.swift; path = ContentView.swift; sourceTree = "<group>"; };
		4B58CE732C2FEDBA00BF3969 /* Models.swift */ = {isa = PBXFileReference; lastKnownFileType = sourcecode.swift; path = Models.swift; sourceTree = "<group>"; };
		4B58CE752C2FEDBB00BF3969 /* Assets.xcassets */ = {isa = PBXFileReference; lastKnownFileType = folder.assetcatalog; path = Assets.xcassets; sourceTree = "<group>"; };
		4B58CE772C2FEDBB00BF3969 /* NutritionalPlan.entitlements */ = {isa = PBXFileReference; lastKnownFileType = text.plist.entitlements; path = NutritionalPlan.entitlements; sourceTree = "<group>"; };
		4B58CE792C2FEDBB00BF3969 /* Preview Assets.xcassets */ = {isa = PBXFileReference; lastKnownFileType = folder.assetcatalog; path = "Preview Assets.xcassets"; sourceTree = "<group>"; };
		4B58CE802C2FF1C000BF3969 /* nutritional_plan.json */ = {isa = PBXFileReference; lastKnownFileType = text.json; path = nutritional_plan.json; sourceTree = "<group>"; };
		4B58CE822C3022E400BF3969 /* DishView.swift */ = {isa = PBXFileReference; lastKnownFileType = sourcecode.swift; path = DishView.swift; sourceTree = "<group>"; };
		4B58CE842C3023AB00BF3969 /* Models+Mocks.swift */ = {isa = PBXFileReference; lastKnownFileType = sourcecode.swift; path = "Models+Mocks.swift"; sourceTree = "<group>"; };
		4B58CE882C302B9000BF3969 /* NutritionalPlanService.swift */ = {isa = PBXFileReference; lastKnownFileType = sourcecode.swift; path = NutritionalPlanService.swift; sourceTree = "<group>"; };
		4B58CE8A2C31501700BF3969 /* Previewer.swift */ = {isa = PBXFileReference; lastKnownFileType = sourcecode.swift; path = Previewer.swift; sourceTree = "<group>"; };
		4B58CE8E2C31628500BF3969 /* EditTextField.swift */ = {isa = PBXFileReference; lastKnownFileType = sourcecode.swift; path = EditTextField.swift; sourceTree = "<group>"; };
		4B58CE912C31D62200BF3969 /* CategoriesView.swift */ = {isa = PBXFileReference; lastKnownFileType = sourcecode.swift; path = CategoriesView.swift; sourceTree = "<group>"; };
		4B58CE942C31D84A00BF3969 /* CategoryView.swift */ = {isa = PBXFileReference; lastKnownFileType = sourcecode.swift; path = CategoryView.swift; sourceTree = "<group>"; };
		4B58CE962C31DB9600BF3969 /* DishesListView.swift */ = {isa = PBXFileReference; lastKnownFileType = sourcecode.swift; path = DishesListView.swift; sourceTree = "<group>"; };
		4B58CE992C327D7000BF3969 /* Extensions.swift */ = {isa = PBXFileReference; lastKnownFileType = sourcecode.swift; path = Extensions.swift; sourceTree = "<group>"; };
		4B58CE9B2C32862600BF3969 /* DailyReportsView.swift */ = {isa = PBXFileReference; lastKnownFileType = sourcecode.swift; path = DailyReportsView.swift; sourceTree = "<group>"; };
		4B58CE9D2C32863D00BF3969 /* DailyReportView.swift */ = {isa = PBXFileReference; lastKnownFileType = sourcecode.swift; path = DailyReportView.swift; sourceTree = "<group>"; };
		4B58CE9F2C32989D00BF3969 /* Info.plist */ = {isa = PBXFileReference; lastKnownFileType = text.plist; path = Info.plist; sourceTree = "<group>"; };
		4B58CEA02C3298EC00BF3969 /* ShareWhatsappMessageService.swift */ = {isa = PBXFileReference; lastKnownFileType = sourcecode.swift; path = ShareWhatsappMessageService.swift; sourceTree = "<group>"; };
		4B58CEA22C32D2BF00BF3969 /* BackButton.swift */ = {isa = PBXFileReference; lastKnownFileType = sourcecode.swift; path = BackButton.swift; sourceTree = "<group>"; };
		4B58CEA72C35425900BF3969 /* DishCellView.swift */ = {isa = PBXFileReference; lastKnownFileType = sourcecode.swift; path = DishCellView.swift; sourceTree = "<group>"; };
/* End PBXFileReference section */

/* Begin PBXFrameworksBuildPhase section */
		4B58CE692C2FEDBA00BF3969 /* Frameworks */ = {
			isa = PBXFrameworksBuildPhase;
			buildActionMask = 2147483647;
			files = (
			);
			runOnlyForDeploymentPostprocessing = 0;
		};
/* End PBXFrameworksBuildPhase section */

/* Begin PBXGroup section */
		4B58CE632C2FEDBA00BF3969 = {
			isa = PBXGroup;
			children = (
				4B58CE6E2C2FEDBA00BF3969 /* NutritionalPlan */,
				4B58CE6D2C2FEDBA00BF3969 /* Products */,
			);
			sourceTree = "<group>";
		};
		4B58CE6D2C2FEDBA00BF3969 /* Products */ = {
			isa = PBXGroup;
			children = (
				4B58CE6C2C2FEDBA00BF3969 /* NutritionalPlan.app */,
			);
			name = Products;
			sourceTree = "<group>";
		};
		4B58CE6E2C2FEDBA00BF3969 /* NutritionalPlan */ = {
			isa = PBXGroup;
			children = (
				4B58CE9F2C32989D00BF3969 /* Info.plist */,
				4B58CE932C31D75C00BF3969 /* Helpers */,
				4B58CE902C31652600BF3969 /* Services */,
				4B58CE8D2C31626C00BF3969 /* Components */,
				4B58CE782C2FEDBB00BF3969 /* Preview Content */,
				4B58CE872C3023B900BF3969 /* Assets */,
				4B58CE862C3023AD00BF3969 /* Models */,
				4B58CE982C327AA500BF3969 /* UI */,
				4B58CE6F2C2FEDBA00BF3969 /* NutritionalPlanApp.swift */,
				4B58CE712C2FEDBA00BF3969 /* ContentView.swift */,
			);
			path = NutritionalPlan;
			sourceTree = "<group>";
		};
		4B58CE782C2FEDBB00BF3969 /* Preview Content */ = {
			isa = PBXGroup;
			children = (
				4B58CE792C2FEDBB00BF3969 /* Preview Assets.xcassets */,
			);
			path = "Preview Content";
			sourceTree = "<group>";
		};
		4B58CE862C3023AD00BF3969 /* Models */ = {
			isa = PBXGroup;
			children = (
				4B58CE732C2FEDBA00BF3969 /* Models.swift */,
				4B58CE842C3023AB00BF3969 /* Models+Mocks.swift */,
			);
			path = Models;
			sourceTree = "<group>";
		};
		4B58CE872C3023B900BF3969 /* Assets */ = {
			isa = PBXGroup;
			children = (
				4B58CE752C2FEDBB00BF3969 /* Assets.xcassets */,
				4B58CE772C2FEDBB00BF3969 /* NutritionalPlan.entitlements */,
				4B58CE802C2FF1C000BF3969 /* nutritional_plan.json */,
			);
			path = Assets;
			sourceTree = "<group>";
		};
		4B58CE8D2C31626C00BF3969 /* Components */ = {
			isa = PBXGroup;
			children = (
				4B58CE8E2C31628500BF3969 /* EditTextField.swift */,
				4B58CEA22C32D2BF00BF3969 /* BackButton.swift */,
			);
			path = Components;
			sourceTree = "<group>";
		};
		4B58CE902C31652600BF3969 /* Services */ = {
			isa = PBXGroup;
			children = (
				4B58CE882C302B9000BF3969 /* NutritionalPlanService.swift */,
				4B58CEA02C3298EC00BF3969 /* ShareWhatsappMessageService.swift */,
			);
			path = Services;
			sourceTree = "<group>";
		};
		4B58CE932C31D75C00BF3969 /* Helpers */ = {
			isa = PBXGroup;
			children = (
				4B58CE8A2C31501700BF3969 /* Previewer.swift */,
				4B58CE992C327D7000BF3969 /* Extensions.swift */,
			);
			path = Helpers;
			sourceTree = "<group>";
		};
		4B58CE982C327AA500BF3969 /* UI */ = {
			isa = PBXGroup;
			children = (
				4B58CEA62C35418700BF3969 /* Report */,
				4B58CEA52C35418000BF3969 /* Dish */,
				4B58CEA42C35417600BF3969 /* Category */,
			);
			path = UI;
			sourceTree = "<group>";
		};
		4B58CEA42C35417600BF3969 /* Category */ = {
			isa = PBXGroup;
			children = (
				4B58CE912C31D62200BF3969 /* CategoriesView.swift */,
				4B58CE942C31D84A00BF3969 /* CategoryView.swift */,
			);
			path = Category;
			sourceTree = "<group>";
		};
		4B58CEA52C35418000BF3969 /* Dish */ = {
			isa = PBXGroup;
			children = (
				4B58CE962C31DB9600BF3969 /* DishesListView.swift */,
				4B58CE822C3022E400BF3969 /* DishView.swift */,
				4B58CEA72C35425900BF3969 /* DishCellView.swift */,
			);
			path = Dish;
			sourceTree = "<group>";
		};
		4B58CEA62C35418700BF3969 /* Report */ = {
			isa = PBXGroup;
			children = (
				4B58CE9B2C32862600BF3969 /* DailyReportsView.swift */,
				4B58CE9D2C32863D00BF3969 /* DailyReportView.swift */,
			);
			path = Report;
			sourceTree = "<group>";
		};
/* End PBXGroup section */

/* Begin PBXNativeTarget section */
		4B58CE6B2C2FEDBA00BF3969 /* NutritionalPlan */ = {
			isa = PBXNativeTarget;
			buildConfigurationList = 4B58CE7D2C2FEDBB00BF3969 /* Build configuration list for PBXNativeTarget "NutritionalPlan" */;
			buildPhases = (
				4B58CE682C2FEDBA00BF3969 /* Sources */,
				4B58CE692C2FEDBA00BF3969 /* Frameworks */,
				4B58CE6A2C2FEDBA00BF3969 /* Resources */,
			);
			buildRules = (
			);
			dependencies = (
			);
			name = NutritionalPlan;
			productName = NutritionalPlan;
			productReference = 4B58CE6C2C2FEDBA00BF3969 /* NutritionalPlan.app */;
			productType = "com.apple.product-type.application";
		};
/* End PBXNativeTarget section */

/* Begin PBXProject section */
		4B58CE642C2FEDBA00BF3969 /* Project object */ = {
			isa = PBXProject;
			attributes = {
				BuildIndependentTargetsInParallel = 1;
				LastSwiftUpdateCheck = 1540;
				LastUpgradeCheck = 1540;
				TargetAttributes = {
					4B58CE6B2C2FEDBA00BF3969 = {
						CreatedOnToolsVersion = 15.4;
					};
				};
			};
			buildConfigurationList = 4B58CE672C2FEDBA00BF3969 /* Build configuration list for PBXProject "NutritionalPlan" */;
			compatibilityVersion = "Xcode 14.0";
			developmentRegion = en;
			hasScannedForEncodings = 0;
			knownRegions = (
				Base,
				en,
			);
			mainGroup = 4B58CE632C2FEDBA00BF3969;
			productRefGroup = 4B58CE6D2C2FEDBA00BF3969 /* Products */;
			projectDirPath = "";
			projectRoot = "";
			targets = (
				4B58CE6B2C2FEDBA00BF3969 /* NutritionalPlan */,
			);
		};
/* End PBXProject section */

/* Begin PBXResourcesBuildPhase section */
		4B58CE6A2C2FEDBA00BF3969 /* Resources */ = {
			isa = PBXResourcesBuildPhase;
			buildActionMask = 2147483647;
			files = (
				4B58CE812C2FF1C000BF3969 /* nutritional_plan.json in Resources */,
				4B58CE7A2C2FEDBB00BF3969 /* Preview Assets.xcassets in Resources */,
				4B58CE762C2FEDBB00BF3969 /* Assets.xcassets in Resources */,
			);
			runOnlyForDeploymentPostprocessing = 0;
		};
/* End PBXResourcesBuildPhase section */

/* Begin PBXSourcesBuildPhase section */
		4B58CE682C2FEDBA00BF3969 /* Sources */ = {
			isa = PBXSourcesBuildPhase;
			buildActionMask = 2147483647;
			files = (
				4B58CEA12C3298EC00BF3969 /* ShareWhatsappMessageService.swift in Sources */,
				4B58CE9E2C32863D00BF3969 /* DailyReportView.swift in Sources */,
				4B58CE892C302B9000BF3969 /* NutritionalPlanService.swift in Sources */,
				4B58CE852C3023AB00BF3969 /* Models+Mocks.swift in Sources */,
				4B58CE9C2C32862600BF3969 /* DailyReportsView.swift in Sources */,
				4B58CE972C31DB9600BF3969 /* DishesListView.swift in Sources */,
				4B58CE832C3022E400BF3969 /* DishView.swift in Sources */,
				4B58CE8B2C31501700BF3969 /* Previewer.swift in Sources */,
				4B58CEA32C32D2C000BF3969 /* BackButton.swift in Sources */,
				4B58CE952C31D84A00BF3969 /* CategoryView.swift in Sources */,
				4B58CE722C2FEDBA00BF3969 /* ContentView.swift in Sources */,
				4B58CE9A2C327D7000BF3969 /* Extensions.swift in Sources */,
				4B58CE922C31D62200BF3969 /* CategoriesView.swift in Sources */,
				4B58CE8F2C31628500BF3969 /* EditTextField.swift in Sources */,
				4B58CE742C2FEDBA00BF3969 /* Models.swift in Sources */,
				4B58CE702C2FEDBA00BF3969 /* NutritionalPlanApp.swift in Sources */,
				4B58CEA82C35425900BF3969 /* DishCellView.swift in Sources */,
			);
			runOnlyForDeploymentPostprocessing = 0;
		};
/* End PBXSourcesBuildPhase section */

/* Begin XCBuildConfiguration section */
		4B58CE7B2C2FEDBB00BF3969 /* Debug */ = {
			isa = XCBuildConfiguration;
			buildSettings = {
				ALWAYS_SEARCH_USER_PATHS = NO;
				ASSETCATALOG_COMPILER_GENERATE_SWIFT_ASSET_SYMBOL_EXTENSIONS = YES;
				CLANG_ANALYZER_NONNULL = YES;
				CLANG_ANALYZER_NUMBER_OBJECT_CONVERSION = YES_AGGRESSIVE;
				CLANG_CXX_LANGUAGE_STANDARD = "gnu++20";
				CLANG_ENABLE_MODULES = YES;
				CLANG_ENABLE_OBJC_ARC = YES;
				CLANG_ENABLE_OBJC_WEAK = YES;
				CLANG_WARN_BLOCK_CAPTURE_AUTORELEASING = YES;
				CLANG_WARN_BOOL_CONVERSION = YES;
				CLANG_WARN_COMMA = YES;
				CLANG_WARN_CONSTANT_CONVERSION = YES;
				CLANG_WARN_DEPRECATED_OBJC_IMPLEMENTATIONS = YES;
				CLANG_WARN_DIRECT_OBJC_ISA_USAGE = YES_ERROR;
				CLANG_WARN_DOCUMENTATION_COMMENTS = YES;
				CLANG_WARN_EMPTY_BODY = YES;
				CLANG_WARN_ENUM_CONVERSION = YES;
				CLANG_WARN_INFINITE_RECURSION = YES;
				CLANG_WARN_INT_CONVERSION = YES;
				CLANG_WARN_NON_LITERAL_NULL_CONVERSION = YES;
				CLANG_WARN_OBJC_IMPLICIT_RETAIN_SELF = YES;
				CLANG_WARN_OBJC_LITERAL_CONVERSION = YES;
				CLANG_WARN_OBJC_ROOT_CLASS = YES_ERROR;
				CLANG_WARN_QUOTED_INCLUDE_IN_FRAMEWORK_HEADER = YES;
				CLANG_WARN_RANGE_LOOP_ANALYSIS = YES;
				CLANG_WARN_STRICT_PROTOTYPES = YES;
				CLANG_WARN_SUSPICIOUS_MOVE = YES;
				CLANG_WARN_UNGUARDED_AVAILABILITY = YES_AGGRESSIVE;
				CLANG_WARN_UNREACHABLE_CODE = YES;
				CLANG_WARN__DUPLICATE_METHOD_MATCH = YES;
				COPY_PHASE_STRIP = NO;
				DEBUG_INFORMATION_FORMAT = dwarf;
				ENABLE_STRICT_OBJC_MSGSEND = YES;
				ENABLE_TESTABILITY = YES;
				ENABLE_USER_SCRIPT_SANDBOXING = YES;
				GCC_C_LANGUAGE_STANDARD = gnu17;
				GCC_DYNAMIC_NO_PIC = NO;
				GCC_NO_COMMON_BLOCKS = YES;
				GCC_OPTIMIZATION_LEVEL = 0;
				GCC_PREPROCESSOR_DEFINITIONS = (
					"DEBUG=1",
					"$(inherited)",
				);
				GCC_WARN_64_TO_32_BIT_CONVERSION = YES;
				GCC_WARN_ABOUT_RETURN_TYPE = YES_ERROR;
				GCC_WARN_UNDECLARED_SELECTOR = YES;
				GCC_WARN_UNINITIALIZED_AUTOS = YES_AGGRESSIVE;
				GCC_WARN_UNUSED_FUNCTION = YES;
				GCC_WARN_UNUSED_VARIABLE = YES;
				LOCALIZATION_PREFERS_STRING_CATALOGS = YES;
				MTL_ENABLE_DEBUG_INFO = INCLUDE_SOURCE;
				MTL_FAST_MATH = YES;
				ONLY_ACTIVE_ARCH = YES;
				SWIFT_ACTIVE_COMPILATION_CONDITIONS = "DEBUG $(inherited)";
				SWIFT_OPTIMIZATION_LEVEL = "-Onone";
			};
			name = Debug;
		};
		4B58CE7C2C2FEDBB00BF3969 /* Release */ = {
			isa = XCBuildConfiguration;
			buildSettings = {
				ALWAYS_SEARCH_USER_PATHS = NO;
				ASSETCATALOG_COMPILER_GENERATE_SWIFT_ASSET_SYMBOL_EXTENSIONS = YES;
				CLANG_ANALYZER_NONNULL = YES;
				CLANG_ANALYZER_NUMBER_OBJECT_CONVERSION = YES_AGGRESSIVE;
				CLANG_CXX_LANGUAGE_STANDARD = "gnu++20";
				CLANG_ENABLE_MODULES = YES;
				CLANG_ENABLE_OBJC_ARC = YES;
				CLANG_ENABLE_OBJC_WEAK = YES;
				CLANG_WARN_BLOCK_CAPTURE_AUTORELEASING = YES;
				CLANG_WARN_BOOL_CONVERSION = YES;
				CLANG_WARN_COMMA = YES;
				CLANG_WARN_CONSTANT_CONVERSION = YES;
				CLANG_WARN_DEPRECATED_OBJC_IMPLEMENTATIONS = YES;
				CLANG_WARN_DIRECT_OBJC_ISA_USAGE = YES_ERROR;
				CLANG_WARN_DOCUMENTATION_COMMENTS = YES;
				CLANG_WARN_EMPTY_BODY = YES;
				CLANG_WARN_ENUM_CONVERSION = YES;
				CLANG_WARN_INFINITE_RECURSION = YES;
				CLANG_WARN_INT_CONVERSION = YES;
				CLANG_WARN_NON_LITERAL_NULL_CONVERSION = YES;
				CLANG_WARN_OBJC_IMPLICIT_RETAIN_SELF = YES;
				CLANG_WARN_OBJC_LITERAL_CONVERSION = YES;
				CLANG_WARN_OBJC_ROOT_CLASS = YES_ERROR;
				CLANG_WARN_QUOTED_INCLUDE_IN_FRAMEWORK_HEADER = YES;
				CLANG_WARN_RANGE_LOOP_ANALYSIS = YES;
				CLANG_WARN_STRICT_PROTOTYPES = YES;
				CLANG_WARN_SUSPICIOUS_MOVE = YES;
				CLANG_WARN_UNGUARDED_AVAILABILITY = YES_AGGRESSIVE;
				CLANG_WARN_UNREACHABLE_CODE = YES;
				CLANG_WARN__DUPLICATE_METHOD_MATCH = YES;
				COPY_PHASE_STRIP = NO;
				DEBUG_INFORMATION_FORMAT = "dwarf-with-dsym";
				ENABLE_NS_ASSERTIONS = NO;
				ENABLE_STRICT_OBJC_MSGSEND = YES;
				ENABLE_USER_SCRIPT_SANDBOXING = YES;
				GCC_C_LANGUAGE_STANDARD = gnu17;
				GCC_NO_COMMON_BLOCKS = YES;
				GCC_WARN_64_TO_32_BIT_CONVERSION = YES;
				GCC_WARN_ABOUT_RETURN_TYPE = YES_ERROR;
				GCC_WARN_UNDECLARED_SELECTOR = YES;
				GCC_WARN_UNINITIALIZED_AUTOS = YES_AGGRESSIVE;
				GCC_WARN_UNUSED_FUNCTION = YES;
				GCC_WARN_UNUSED_VARIABLE = YES;
				LOCALIZATION_PREFERS_STRING_CATALOGS = YES;
				MTL_ENABLE_DEBUG_INFO = NO;
				MTL_FAST_MATH = YES;
				SWIFT_COMPILATION_MODE = wholemodule;
			};
			name = Release;
		};
		4B58CE7E2C2FEDBB00BF3969 /* Debug */ = {
			isa = XCBuildConfiguration;
			buildSettings = {
				ASSETCATALOG_COMPILER_APPICON_NAME = AppIcon;
				ASSETCATALOG_COMPILER_GLOBAL_ACCENT_COLOR_NAME = AccentColor;
				CODE_SIGN_ENTITLEMENTS = NutritionalPlan/Assets/NutritionalPlan.entitlements;
				CODE_SIGN_STYLE = Manual;
				CURRENT_PROJECT_VERSION = 1;
				DEVELOPMENT_ASSET_PATHS = "\"NutritionalPlan/Preview Content\"";
				"DEVELOPMENT_TEAM[sdk=iphoneos*]" = J9D9P87HCD;
				ENABLE_PREVIEWS = YES;
				GENERATE_INFOPLIST_FILE = YES;
				INFOPLIST_FILE = NutritionalPlan/Info.plist;
				"INFOPLIST_KEY_UIApplicationSceneManifest_Generation[sdk=iphoneos*]" = YES;
				"INFOPLIST_KEY_UIApplicationSceneManifest_Generation[sdk=iphonesimulator*]" = YES;
				"INFOPLIST_KEY_UIApplicationSupportsIndirectInputEvents[sdk=iphoneos*]" = YES;
				"INFOPLIST_KEY_UIApplicationSupportsIndirectInputEvents[sdk=iphonesimulator*]" = YES;
				"INFOPLIST_KEY_UILaunchScreen_Generation[sdk=iphoneos*]" = YES;
				"INFOPLIST_KEY_UILaunchScreen_Generation[sdk=iphonesimulator*]" = YES;
				"INFOPLIST_KEY_UIStatusBarStyle[sdk=iphoneos*]" = UIStatusBarStyleDefault;
				"INFOPLIST_KEY_UIStatusBarStyle[sdk=iphonesimulator*]" = UIStatusBarStyleDefault;
				INFOPLIST_KEY_UISupportedInterfaceOrientations_iPad = "UIInterfaceOrientationPortrait UIInterfaceOrientationPortraitUpsideDown UIInterfaceOrientationLandscapeLeft UIInterfaceOrientationLandscapeRight";
				INFOPLIST_KEY_UISupportedInterfaceOrientations_iPhone = "UIInterfaceOrientationPortrait UIInterfaceOrientationLandscapeLeft UIInterfaceOrientationLandscapeRight";
				IPHONEOS_DEPLOYMENT_TARGET = 17.5;
				LD_RUNPATH_SEARCH_PATHS = "@executable_path/Frameworks";
				"LD_RUNPATH_SEARCH_PATHS[sdk=macosx*]" = "@executable_path/../Frameworks";
				MACOSX_DEPLOYMENT_TARGET = 14.0;
				MARKETING_VERSION = 1.0;
				PRODUCT_BUNDLE_IDENTIFIER = com.chegg.mobile.consumer.dev;
				PRODUCT_NAME = "$(TARGET_NAME)";
				"PROVISIONING_PROFILE_SPECIFIER[sdk=iphoneos*]" = "CheggApp - Debug";
				SDKROOT = auto;
				SUPPORTED_PLATFORMS = "iphoneos iphonesimulator";
				SUPPORTS_MACCATALYST = NO;
				SWIFT_EMIT_LOC_STRINGS = YES;
				SWIFT_VERSION = 5.0;
				TARGETED_DEVICE_FAMILY = "1,2";
			};
			name = Debug;
		};
		4B58CE7F2C2FEDBB00BF3969 /* Release */ = {
			isa = XCBuildConfiguration;
			buildSettings = {
				ASSETCATALOG_COMPILER_APPICON_NAME = AppIcon;
				ASSETCATALOG_COMPILER_GLOBAL_ACCENT_COLOR_NAME = AccentColor;
				CODE_SIGN_ENTITLEMENTS = NutritionalPlan/Assets/NutritionalPlan.entitlements;
				CODE_SIGN_STYLE = Manual;
				CURRENT_PROJECT_VERSION = 1;
				DEVELOPMENT_ASSET_PATHS = "\"NutritionalPlan/Preview Content\"";
				ENABLE_PREVIEWS = YES;
				GENERATE_INFOPLIST_FILE = YES;
				INFOPLIST_FILE = NutritionalPlan/Info.plist;
				"INFOPLIST_KEY_UIApplicationSceneManifest_Generation[sdk=iphoneos*]" = YES;
				"INFOPLIST_KEY_UIApplicationSceneManifest_Generation[sdk=iphonesimulator*]" = YES;
				"INFOPLIST_KEY_UIApplicationSupportsIndirectInputEvents[sdk=iphoneos*]" = YES;
				"INFOPLIST_KEY_UIApplicationSupportsIndirectInputEvents[sdk=iphonesimulator*]" = YES;
				"INFOPLIST_KEY_UILaunchScreen_Generation[sdk=iphoneos*]" = YES;
				"INFOPLIST_KEY_UILaunchScreen_Generation[sdk=iphonesimulator*]" = YES;
				"INFOPLIST_KEY_UIStatusBarStyle[sdk=iphoneos*]" = UIStatusBarStyleDefault;
				"INFOPLIST_KEY_UIStatusBarStyle[sdk=iphonesimulator*]" = UIStatusBarStyleDefault;
				INFOPLIST_KEY_UISupportedInterfaceOrientations_iPad = "UIInterfaceOrientationPortrait UIInterfaceOrientationPortraitUpsideDown UIInterfaceOrientationLandscapeLeft UIInterfaceOrientationLandscapeRight";
				INFOPLIST_KEY_UISupportedInterfaceOrientations_iPhone = "UIInterfaceOrientationPortrait UIInterfaceOrientationLandscapeLeft UIInterfaceOrientationLandscapeRight";
				IPHONEOS_DEPLOYMENT_TARGET = 17.5;
				LD_RUNPATH_SEARCH_PATHS = "@executable_path/Frameworks";
				"LD_RUNPATH_SEARCH_PATHS[sdk=macosx*]" = "@executable_path/../Frameworks";
				MACOSX_DEPLOYMENT_TARGET = 14.0;
				MARKETING_VERSION = 1.0;
				PRODUCT_BUNDLE_IDENTIFIER = com.esharabi.NutritionalPlan;
				PRODUCT_NAME = "$(TARGET_NAME)";
				SDKROOT = auto;
				SUPPORTED_PLATFORMS = "iphoneos iphonesimulator";
				SUPPORTS_MACCATALYST = NO;
				SWIFT_EMIT_LOC_STRINGS = YES;
				SWIFT_VERSION = 5.0;
				TARGETED_DEVICE_FAMILY = "1,2";
			};
			name = Release;
		};
/* End XCBuildConfiguration section */

/* Begin XCConfigurationList section */
		4B58CE672C2FEDBA00BF3969 /* Build configuration list for PBXProject "NutritionalPlan" */ = {
			isa = XCConfigurationList;
			buildConfigurations = (
				4B58CE7B2C2FEDBB00BF3969 /* Debug */,
				4B58CE7C2C2FEDBB00BF3969 /* Release */,
			);
			defaultConfigurationIsVisible = 0;
			defaultConfigurationName = Release;
		};
		4B58CE7D2C2FEDBB00BF3969 /* Build configuration list for PBXNativeTarget "NutritionalPlan" */ = {
			isa = XCConfigurationList;
			buildConfigurations = (
				4B58CE7E2C2FEDBB00BF3969 /* Debug */,
				4B58CE7F2C2FEDBB00BF3969 /* Release */,
			);
			defaultConfigurationIsVisible = 0;
			defaultConfigurationName = Release;
		};
/* End XCConfigurationList section */
	};
	rootObject = 4B58CE642C2FEDBA00BF3969 /* Project object */;
}
